
Microsoft Visual Studio Solution File, Format Version 12.00
# Visual Studio 15
VisualStudioVersion = 15.0.28010.2003
MinimumVisualStudioVersion = 10.0.40219.1
Project("{8BC9CEB8-8B4A-11D0-8D11-00A0C91BC942}") = "Informatik", "Informatik\Informatik.vcxproj", "{F0F7DC6B-8A77-4265-B805-570830FC56F6}"
EndProject
Global
	GlobalSection(SolutionConfigurationPlatforms) = preSolution
		Debug|x64 = Debug|x64
		Debug|x86 = Debug|x86
		Release|x64 = Release|x64
		Release|x86 = Release|x86
	EndGlobalSection
	GlobalSection(ProjectConfigurationPlatforms) = postSolution
		{F0F7DC6B-8A77-4265-B805-570830FC56F6}.Debug|x64.ActiveCfg = Debug|x64
		{F0F7DC6B-8A77-4265-B805-570830FC56F6}.Debug|x64.Build.0 = Debug|x64
		{F0F7DC6B-8A77-4265-B805-570830FC56F6}.Debug|x86.ActiveCfg = Debug|Win32
		{F0F7DC6B-8A77-4265-B805-570830FC56F6}.Debug|x86.Build.0 = Debug|Win32
		{F0F7DC6B-8A77-4265-B805-570830FC56F6}.Release|x64.ActiveCfg = Release|x64
		{F0F7DC6B-8A77-4265-B805-570830FC56F6}.Release|x64.Build.0 = Release|x64
		{F0F7DC6B-8A77-4265-B805-570830FC56F6}.Release|x86.ActiveCfg = Release|Win32
		{F0F7DC6B-8A77-4265-B805-570830FC56F6}.Release|x86.Build.0 = Release|Win32
	EndGlobalSection
	GlobalSection(SolutionProperties) = preSolution
		HideSolutionNode = FALSE
	EndGlobalSection
	GlobalSection(ExtensibilityGlobals) = postSolution
		SolutionGuid = {B035841B-D2BC-42F7-A85A-ACB7E5C22E5C}
	EndGlobalSection
EndGlobal
