// !$*UTF8*$!
{
	archiveVersion = 1;
	classes = {
	};
	objectVersion = 50;
	objects = {

/* Begin PBXBuildFile section */
		4D4276512133F636003F6411 /* NPC.cpp in Sources */ = {isa = PBXBuildFile; fileRef = 4D42764F2133F636003F6411 /* NPC.cpp */; };
		4D6A79C82147F57C003F31B5 /* Building.cpp in Sources */ = {isa = PBXBuildFile; fileRef = 4D6A79C62147F57C003F31B5 /* Building.cpp */; };
		93185F8A21465506001A2167 /* ExplodingProjectile.cpp in Sources */ = {isa = PBXBuildFile; fileRef = 93185F8821465506001A2167 /* ExplodingProjectile.cpp */; };
		93185F8E21465F31001A2167 /* ConfigLoader.cpp in Sources */ = {isa = PBXBuildFile; fileRef = 93185F8C21465F31001A2167 /* ConfigLoader.cpp */; };
		93185F912146A699001A2167 /* ConfigMenu.cpp in Sources */ = {isa = PBXBuildFile; fileRef = 93185F8F2146A699001A2167 /* ConfigMenu.cpp */; };
		93185F9A2146E31E001A2167 /* textures in CopyFiles */ = {isa = PBXBuildFile; fileRef = 93185F992146E318001A2167 /* textures */; };
		93185F9D21479203001A2167 /* PlayerOverlay.cpp in Sources */ = {isa = PBXBuildFile; fileRef = 93185F9B21479203001A2167 /* PlayerOverlay.cpp */; };
		932D3210212AB6E500DA45BD /* main.cpp in Sources */ = {isa = PBXBuildFile; fileRef = 932D320F212AB6E500DA45BD /* main.cpp */; };
		932D321C212AB79C00DA45BD /* Window.cpp in Sources */ = {isa = PBXBuildFile; fileRef = 932D321A212AB79C00DA45BD /* Window.cpp */; };
		932D3223212ABAF600DA45BD /* Level.cpp in Sources */ = {isa = PBXBuildFile; fileRef = 932D3221212ABAF600DA45BD /* Level.cpp */; };
		932D3226212ABB4A00DA45BD /* Tile.cpp in Sources */ = {isa = PBXBuildFile; fileRef = 932D3224212ABB4A00DA45BD /* Tile.cpp */; };
		9368D3132131A0B5005D6756 /* SDL2_mixer.framework in Frameworks */ = {isa = PBXBuildFile; fileRef = 9368D3122131A0B5005D6756 /* SDL2_mixer.framework */; };
		9368D3142131A0BE005D6756 /* SDL2_mixer.framework in Copy Files */ = {isa = PBXBuildFile; fileRef = 9368D3122131A0B5005D6756 /* SDL2_mixer.framework */; };
		9368D3192131A17B005D6756 /* Tests.cpp in Sources */ = {isa = PBXBuildFile; fileRef = 9368D3182131A17B005D6756 /* Tests.cpp */; };
		9368D31B2132A7A8005D6756 /* SDL2_image.framework in Frameworks */ = {isa = PBXBuildFile; fileRef = 9368D31A2132A7A8005D6756 /* SDL2_image.framework */; };
		9368D31C2132A801005D6756 /* SDL2_image.framework in Copy Files */ = {isa = PBXBuildFile; fileRef = 9368D31A2132A7A8005D6756 /* SDL2_image.framework */; };
		936C12D62133D03A00404679 /* DialogOverlay.cpp in Sources */ = {isa = PBXBuildFile; fileRef = 936C12D42133D03A00404679 /* DialogOverlay.cpp */; };
		936C12D92133E3A900404679 /* TextLoader.cpp in Sources */ = {isa = PBXBuildFile; fileRef = 936C12D72133E3A900404679 /* TextLoader.cpp */; };
		936C12E221353A4000404679 /* NPCLoader.cpp in Sources */ = {isa = PBXBuildFile; fileRef = 936C12E021353A4000404679 /* NPCLoader.cpp */; };
		936C12EA213550FB00404679 /* data in CopyFiles */ = {isa = PBXBuildFile; fileRef = 936C12E9213550F700404679 /* data */; };
		936C12EB213550FE00404679 /* fonts in CopyFiles */ = {isa = PBXBuildFile; fileRef = 936C12E8213550F700404679 /* fonts */; };
		936C12F02135941800404679 /* Server.cpp in Sources */ = {isa = PBXBuildFile; fileRef = 936C12EE2135941800404679 /* Server.cpp */; };
		936C12F32135CE4D00404679 /* Slider.cpp in Sources */ = {isa = PBXBuildFile; fileRef = 936C12F12135CE4D00404679 /* Slider.cpp */; };
		936C12F72135DBD800404679 /* Dropdown.cpp in Sources */ = {isa = PBXBuildFile; fileRef = 936C12F52135DBD800404679 /* Dropdown.cpp */; };
		936C12FA213665B300404679 /* EditorOverlay.cpp in Sources */ = {isa = PBXBuildFile; fileRef = 936C12F8213665B300404679 /* EditorOverlay.cpp */; };
		936C12FD2136BDE400404679 /* TileEditor.cpp in Sources */ = {isa = PBXBuildFile; fileRef = 936C12FB2136BDE400404679 /* TileEditor.cpp */; };
		936C13002136BFF800404679 /* Tile_Util.cpp in Sources */ = {isa = PBXBuildFile; fileRef = 936C12FE2136BFF800404679 /* Tile_Util.cpp */; };
		937AC1F2213F011600F1D92C /* Math_Util.cpp in Sources */ = {isa = PBXBuildFile; fileRef = 937AC1F0213F011600F1D92C /* Math_Util.cpp */; };
		937AFC60214046B800F92964 /* Item.cpp in Sources */ = {isa = PBXBuildFile; fileRef = 937AFC5E214046B800F92964 /* Item.cpp */; };
		937AFC63214046C000F92964 /* EntityItem.cpp in Sources */ = {isa = PBXBuildFile; fileRef = 937AFC61214046C000F92964 /* EntityItem.cpp */; };
		937B001E214D888000BE1EE0 /* Explosion.cpp in Sources */ = {isa = PBXBuildFile; fileRef = 937B001C214D888000BE1EE0 /* Explosion.cpp */; };
		937B0D5B212FDAEF00C2051B /* DebugOverlay.cpp in Sources */ = {isa = PBXBuildFile; fileRef = 937B0D59212FDAEF00C2051B /* DebugOverlay.cpp */; };
		937B0D5F21301BC600C2051B /* EventCreateMenu.cpp in Sources */ = {isa = PBXBuildFile; fileRef = 937B0D5D21301BC600C2051B /* EventCreateMenu.cpp */; };
		937B0D6221301D1000C2051B /* TextBox.cpp in Sources */ = {isa = PBXBuildFile; fileRef = 937B0D6021301D1000C2051B /* TextBox.cpp */; };
		937B0D6421317D3100C2051B /* SDL2_net.framework in Frameworks */ = {isa = PBXBuildFile; fileRef = 937B0D6321317D3100C2051B /* SDL2_net.framework */; };
		937B0D6521317D4000C2051B /* SDL2_net.framework in Copy Files */ = {isa = PBXBuildFile; fileRef = 937B0D6321317D3100C2051B /* SDL2_net.framework */; };
		9382707F213A5C050084F967 /* Client.cpp in Sources */ = {isa = PBXBuildFile; fileRef = 93827079213A5C050084F967 /* Client.cpp */; };
		93827080213A5C050084F967 /* ServerSelector.cpp in Sources */ = {isa = PBXBuildFile; fileRef = 9382707B213A5C050084F967 /* ServerSelector.cpp */; };
		93827081213A5C050084F967 /* RemotePlayer.cpp in Sources */ = {isa = PBXBuildFile; fileRef = 9382707D213A5C050084F967 /* RemotePlayer.cpp */; };
		93827084213BAE3A0084F967 /* PauseMenu.cpp in Sources */ = {isa = PBXBuildFile; fileRef = 93827082213BAE3A0084F967 /* PauseMenu.cpp */; };
		93827088213EC7EF0084F967 /* Enemy.cpp in Sources */ = {isa = PBXBuildFile; fileRef = 93827086213EC7EF0084F967 /* Enemy.cpp */; };
		9382708B213ECD8C0084F967 /* Slime.cpp in Sources */ = {isa = PBXBuildFile; fileRef = 93827089213ECD8C0084F967 /* Slime.cpp */; };
		9382708F213ED2D10084F967 /* Projectile.cpp in Sources */ = {isa = PBXBuildFile; fileRef = 9382708D213ED2D10084F967 /* Projectile.cpp */; };
		93D1C7CC212AD12B004AACD1 /* Event.cpp in Sources */ = {isa = PBXBuildFile; fileRef = 93D1C7CA212AD12B004AACD1 /* Event.cpp */; };
		93D1C7D1212ADCCE004AACD1 /* Player.cpp in Sources */ = {isa = PBXBuildFile; fileRef = 93D1C7CF212ADCCE004AACD1 /* Player.cpp */; };
		93D1C7D6212C2268004AACD1 /* LevelLoader.cpp in Sources */ = {isa = PBXBuildFile; fileRef = 93D1C7D4212C2268004AACD1 /* LevelLoader.cpp */; };
		93D1C7DA212C390F004AACD1 /* SDL2.framework in Frameworks */ = {isa = PBXBuildFile; fileRef = 93D1C7D9212C390F004AACD1 /* SDL2.framework */; };
		93D1C7DB212C3915004AACD1 /* SDL2.framework in Copy Files */ = {isa = PBXBuildFile; fileRef = 93D1C7D9212C390F004AACD1 /* SDL2.framework */; };
		93D47B9A212C414B007853BC /* FileReader.cpp in Sources */ = {isa = PBXBuildFile; fileRef = 93D47B99212C414B007853BC /* FileReader.cpp */; };
		93D47B9D212C41A6007853BC /* EventLoader.cpp in Sources */ = {isa = PBXBuildFile; fileRef = 93D47B9B212C41A6007853BC /* EventLoader.cpp */; };
		93D47BA0212C433C007853BC /* EventActions.cpp in Sources */ = {isa = PBXBuildFile; fileRef = 93D47B9E212C433C007853BC /* EventActions.cpp */; };
		93D47BA3212C4C85007853BC /* Entity.cpp in Sources */ = {isa = PBXBuildFile; fileRef = 93D47BA1212C4C85007853BC /* Entity.cpp */; };
		93D47BA8212D4EF5007853BC /* Menu.cpp in Sources */ = {isa = PBXBuildFile; fileRef = 93D47BA6212D4EF5007853BC /* Menu.cpp */; };
		93D47BAB212D8A8F007853BC /* MainMenu.cpp in Sources */ = {isa = PBXBuildFile; fileRef = 93D47BA9212D8A8F007853BC /* MainMenu.cpp */; };
		93D47BAF212D902A007853BC /* Button.cpp in Sources */ = {isa = PBXBuildFile; fileRef = 93D47BAD212D902A007853BC /* Button.cpp */; };
		93D47BB3212D9086007853BC /* Element.cpp in Sources */ = {isa = PBXBuildFile; fileRef = 93D47BB1212D9086007853BC /* Element.cpp */; };
		93D47BB5212D91D7007853BC /* SDL2_ttf.framework in Frameworks */ = {isa = PBXBuildFile; fileRef = 93D47BB4212D91D7007853BC /* SDL2_ttf.framework */; };
		93D47BB6212D91DA007853BC /* SDL2_ttf.framework in Copy Files */ = {isa = PBXBuildFile; fileRef = 93D47BB4212D91D7007853BC /* SDL2_ttf.framework */; };
		93D47BB9212D91F1007853BC /* Text.cpp in Sources */ = {isa = PBXBuildFile; fileRef = 93D47BB7212D91F1007853BC /* Text.cpp */; };
		93D47BBE212DE69C007853BC /* SDL_Util.cpp in Sources */ = {isa = PBXBuildFile; fileRef = 93D47BBD212DE69C007853BC /* SDL_Util.cpp */; };
		93E2788D214146AA00F5EC35 /* Inventory.cpp in Sources */ = {isa = PBXBuildFile; fileRef = 93E2788B214146AA00F5EC35 /* Inventory.cpp */; };
		93E278912143AB1C00F5EC35 /* ItemSlot.cpp in Sources */ = {isa = PBXBuildFile; fileRef = 93E2788F2143AB1C00F5EC35 /* ItemSlot.cpp */; };
/* End PBXBuildFile section */

/* Begin PBXCopyFilesBuildPhase section */
		932D320A212AB6E500DA45BD /* Copy Files */ = {
			isa = PBXCopyFilesBuildPhase;
			buildActionMask = 12;
			dstPath = "";
			dstSubfolderSpec = 16;
			files = (
				93D1C7DB212C3915004AACD1 /* SDL2.framework in Copy Files */,
				93D47BB6212D91DA007853BC /* SDL2_ttf.framework in Copy Files */,
				937B0D6521317D4000C2051B /* SDL2_net.framework in Copy Files */,
				9368D3142131A0BE005D6756 /* SDL2_mixer.framework in Copy Files */,
				9368D31C2132A801005D6756 /* SDL2_image.framework in Copy Files */,
			);
			name = "Copy Files";
			runOnlyForDeploymentPostprocessing = 0;
		};
		936C12D22133B7DD00404679 /* CopyFiles */ = {
			isa = PBXCopyFilesBuildPhase;
			buildActionMask = 2147483647;
			dstPath = assets;
			dstSubfolderSpec = 16;
			files = (
				936C12EA213550FB00404679 /* data in CopyFiles */,
				936C12EB213550FE00404679 /* fonts in CopyFiles */,
				93185F9A2146E31E001A2167 /* textures in CopyFiles */,
			);
			runOnlyForDeploymentPostprocessing = 0;
		};
/* End PBXCopyFilesBuildPhase section */

/* Begin PBXFileReference section */
		4D42764F2133F636003F6411 /* NPC.cpp */ = {isa = PBXFileReference; lastKnownFileType = sourcecode.cpp.cpp; path = NPC.cpp; sourceTree = "<group>"; };
		4D4276502133F636003F6411 /* NPC.hpp */ = {isa = PBXFileReference; lastKnownFileType = sourcecode.cpp.h; path = NPC.hpp; sourceTree = "<group>"; };
		4D6A79C62147F57C003F31B5 /* Building.cpp */ = {isa = PBXFileReference; lastKnownFileType = sourcecode.cpp.cpp; path = Building.cpp; sourceTree = "<group>"; };
		4D6A79C72147F57C003F31B5 /* Building.hpp */ = {isa = PBXFileReference; lastKnownFileType = sourcecode.cpp.h; path = Building.hpp; sourceTree = "<group>"; };
		93185F8821465506001A2167 /* ExplodingProjectile.cpp */ = {isa = PBXFileReference; lastKnownFileType = sourcecode.cpp.cpp; path = ExplodingProjectile.cpp; sourceTree = "<group>"; };
		93185F8921465506001A2167 /* ExplodingProjectile.hpp */ = {isa = PBXFileReference; lastKnownFileType = sourcecode.cpp.h; path = ExplodingProjectile.hpp; sourceTree = "<group>"; };
		93185F8C21465F31001A2167 /* ConfigLoader.cpp */ = {isa = PBXFileReference; lastKnownFileType = sourcecode.cpp.cpp; path = ConfigLoader.cpp; sourceTree = "<group>"; };
		93185F8D21465F31001A2167 /* ConfigLoader.hpp */ = {isa = PBXFileReference; lastKnownFileType = sourcecode.cpp.h; path = ConfigLoader.hpp; sourceTree = "<group>"; };
		93185F8F2146A699001A2167 /* ConfigMenu.cpp */ = {isa = PBXFileReference; lastKnownFileType = sourcecode.cpp.cpp; path = ConfigMenu.cpp; sourceTree = "<group>"; };
		93185F902146A699001A2167 /* ConfigMenu.hpp */ = {isa = PBXFileReference; lastKnownFileType = sourcecode.cpp.h; path = ConfigMenu.hpp; sourceTree = "<group>"; };
		93185F992146E318001A2167 /* textures */ = {isa = PBXFileReference; lastKnownFileType = folder; name = textures; path = ../assets/textures; sourceTree = "<group>"; };
		93185F9B21479203001A2167 /* PlayerOverlay.cpp */ = {isa = PBXFileReference; lastKnownFileType = sourcecode.cpp.cpp; path = PlayerOverlay.cpp; sourceTree = "<group>"; };
		93185F9C21479203001A2167 /* PlayerOverlay.hpp */ = {isa = PBXFileReference; lastKnownFileType = sourcecode.cpp.h; path = PlayerOverlay.hpp; sourceTree = "<group>"; };
		932D320C212AB6E500DA45BD /* Informatik */ = {isa = PBXFileReference; explicitFileType = "compiled.mach-o.executable"; includeInIndex = 0; path = Informatik; sourceTree = BUILT_PRODUCTS_DIR; };
		932D320F212AB6E500DA45BD /* main.cpp */ = {isa = PBXFileReference; lastKnownFileType = sourcecode.cpp.cpp; path = main.cpp; sourceTree = "<group>"; };
		932D321A212AB79C00DA45BD /* Window.cpp */ = {isa = PBXFileReference; lastKnownFileType = sourcecode.cpp.cpp; path = Window.cpp; sourceTree = "<group>"; };
		932D321B212AB79C00DA45BD /* Window.hpp */ = {isa = PBXFileReference; lastKnownFileType = sourcecode.cpp.h; path = Window.hpp; sourceTree = "<group>"; };
		932D321F212AB8CA00DA45BD /* config.h */ = {isa = PBXFileReference; lastKnownFileType = sourcecode.c.h; path = config.h; sourceTree = "<group>"; };
		932D3221212ABAF600DA45BD /* Level.cpp */ = {isa = PBXFileReference; lastKnownFileType = sourcecode.cpp.cpp; path = Level.cpp; sourceTree = "<group>"; };
		932D3222212ABAF600DA45BD /* Level.hpp */ = {isa = PBXFileReference; lastKnownFileType = sourcecode.cpp.h; path = Level.hpp; sourceTree = "<group>"; };
		932D3224212ABB4A00DA45BD /* Tile.cpp */ = {isa = PBXFileReference; lastKnownFileType = sourcecode.cpp.cpp; path = Tile.cpp; sourceTree = "<group>"; };
		932D3225212ABB4A00DA45BD /* Tile.hpp */ = {isa = PBXFileReference; lastKnownFileType = sourcecode.cpp.h; path = Tile.hpp; sourceTree = "<group>"; };
		932D3229212ABBBC00DA45BD /* FileReader.hpp */ = {isa = PBXFileReference; lastKnownFileType = sourcecode.cpp.h; path = FileReader.hpp; sourceTree = "<group>"; };
		932D322E212ABC6700DA45BD /* Logger.hpp */ = {isa = PBXFileReference; lastKnownFileType = sourcecode.cpp.h; path = Logger.hpp; sourceTree = "<group>"; };
		9368D3122131A0B5005D6756 /* SDL2_mixer.framework */ = {isa = PBXFileReference; lastKnownFileType = wrapper.framework; name = SDL2_mixer.framework; path = ../SDL2_mixer.framework; sourceTree = "<group>"; };
		9368D3172131A17B005D6756 /* Tests.hpp */ = {isa = PBXFileReference; fileEncoding = 4; lastKnownFileType = sourcecode.cpp.h; path = Tests.hpp; sourceTree = "<group>"; };
		9368D3182131A17B005D6756 /* Tests.cpp */ = {isa = PBXFileReference; fileEncoding = 4; lastKnownFileType = sourcecode.cpp.cpp; path = Tests.cpp; sourceTree = "<group>"; };
		9368D31A2132A7A8005D6756 /* SDL2_image.framework */ = {isa = PBXFileReference; lastKnownFileType = wrapper.framework; name = SDL2_image.framework; path = ../SDL2_image.framework; sourceTree = "<group>"; };
		936C12D42133D03A00404679 /* DialogOverlay.cpp */ = {isa = PBXFileReference; lastKnownFileType = sourcecode.cpp.cpp; path = DialogOverlay.cpp; sourceTree = "<group>"; };
		936C12D52133D03A00404679 /* DialogOverlay.hpp */ = {isa = PBXFileReference; lastKnownFileType = sourcecode.cpp.h; path = DialogOverlay.hpp; sourceTree = "<group>"; };
		936C12D72133E3A900404679 /* TextLoader.cpp */ = {isa = PBXFileReference; lastKnownFileType = sourcecode.cpp.cpp; path = TextLoader.cpp; sourceTree = "<group>"; };
		936C12D82133E3A900404679 /* TextLoader.hpp */ = {isa = PBXFileReference; lastKnownFileType = sourcecode.cpp.h; path = TextLoader.hpp; sourceTree = "<group>"; };
		936C12E021353A4000404679 /* NPCLoader.cpp */ = {isa = PBXFileReference; lastKnownFileType = sourcecode.cpp.cpp; path = NPCLoader.cpp; sourceTree = "<group>"; };
		936C12E121353A4000404679 /* NPCLoader.hpp */ = {isa = PBXFileReference; lastKnownFileType = sourcecode.cpp.h; path = NPCLoader.hpp; sourceTree = "<group>"; };
		936C12E8213550F700404679 /* fonts */ = {isa = PBXFileReference; lastKnownFileType = folder; name = fonts; path = ../assets/fonts; sourceTree = "<group>"; };
		936C12E9213550F700404679 /* data */ = {isa = PBXFileReference; lastKnownFileType = folder; name = data; path = ../assets/data; sourceTree = "<group>"; };
		936C12EE2135941800404679 /* Server.cpp */ = {isa = PBXFileReference; lastKnownFileType = sourcecode.cpp.cpp; path = Server.cpp; sourceTree = "<group>"; };
		936C12EF2135941800404679 /* Server.hpp */ = {isa = PBXFileReference; lastKnownFileType = sourcecode.cpp.h; path = Server.hpp; sourceTree = "<group>"; };
		936C12F12135CE4D00404679 /* Slider.cpp */ = {isa = PBXFileReference; lastKnownFileType = sourcecode.cpp.cpp; path = Slider.cpp; sourceTree = "<group>"; };
		936C12F22135CE4D00404679 /* Slider.hpp */ = {isa = PBXFileReference; lastKnownFileType = sourcecode.cpp.h; path = Slider.hpp; sourceTree = "<group>"; };
		936C12F52135DBD800404679 /* Dropdown.cpp */ = {isa = PBXFileReference; lastKnownFileType = sourcecode.cpp.cpp; path = Dropdown.cpp; sourceTree = "<group>"; };
		936C12F62135DBD800404679 /* Dropdown.hpp */ = {isa = PBXFileReference; lastKnownFileType = sourcecode.cpp.h; path = Dropdown.hpp; sourceTree = "<group>"; };
		936C12F8213665B300404679 /* EditorOverlay.cpp */ = {isa = PBXFileReference; lastKnownFileType = sourcecode.cpp.cpp; path = EditorOverlay.cpp; sourceTree = "<group>"; };
		936C12F9213665B300404679 /* EditorOverlay.hpp */ = {isa = PBXFileReference; lastKnownFileType = sourcecode.cpp.h; path = EditorOverlay.hpp; sourceTree = "<group>"; };
		936C12FB2136BDE400404679 /* TileEditor.cpp */ = {isa = PBXFileReference; lastKnownFileType = sourcecode.cpp.cpp; path = TileEditor.cpp; sourceTree = "<group>"; };
		936C12FC2136BDE400404679 /* TileEditor.hpp */ = {isa = PBXFileReference; lastKnownFileType = sourcecode.cpp.h; path = TileEditor.hpp; sourceTree = "<group>"; };
		936C12FE2136BFF800404679 /* Tile_Util.cpp */ = {isa = PBXFileReference; lastKnownFileType = sourcecode.cpp.cpp; path = Tile_Util.cpp; sourceTree = "<group>"; };
		936C12FF2136BFF800404679 /* Tile_Util.hpp */ = {isa = PBXFileReference; lastKnownFileType = sourcecode.cpp.h; path = Tile_Util.hpp; sourceTree = "<group>"; };
		937AC1F0213F011600F1D92C /* Math_Util.cpp */ = {isa = PBXFileReference; lastKnownFileType = sourcecode.cpp.cpp; path = Math_Util.cpp; sourceTree = "<group>"; };
		937AC1F1213F011600F1D92C /* Math_Util.hpp */ = {isa = PBXFileReference; lastKnownFileType = sourcecode.cpp.h; path = Math_Util.hpp; sourceTree = "<group>"; };
		937AFC5E214046B800F92964 /* Item.cpp */ = {isa = PBXFileReference; lastKnownFileType = sourcecode.cpp.cpp; path = Item.cpp; sourceTree = "<group>"; };
		937AFC5F214046B800F92964 /* Item.hpp */ = {isa = PBXFileReference; lastKnownFileType = sourcecode.cpp.h; path = Item.hpp; sourceTree = "<group>"; };
		937AFC61214046C000F92964 /* EntityItem.cpp */ = {isa = PBXFileReference; lastKnownFileType = sourcecode.cpp.cpp; path = EntityItem.cpp; sourceTree = "<group>"; };
		937AFC62214046C000F92964 /* EntityItem.hpp */ = {isa = PBXFileReference; lastKnownFileType = sourcecode.cpp.h; path = EntityItem.hpp; sourceTree = "<group>"; };
		937B001C214D888000BE1EE0 /* Explosion.cpp */ = {isa = PBXFileReference; lastKnownFileType = sourcecode.cpp.cpp; path = Explosion.cpp; sourceTree = "<group>"; };
		937B001D214D888000BE1EE0 /* Explosion.hpp */ = {isa = PBXFileReference; lastKnownFileType = sourcecode.cpp.h; path = Explosion.hpp; sourceTree = "<group>"; };
		937B0D59212FDAEF00C2051B /* DebugOverlay.cpp */ = {isa = PBXFileReference; lastKnownFileType = sourcecode.cpp.cpp; path = DebugOverlay.cpp; sourceTree = "<group>"; };
		937B0D5A212FDAEF00C2051B /* DebugOverlay.hpp */ = {isa = PBXFileReference; lastKnownFileType = sourcecode.cpp.h; path = DebugOverlay.hpp; sourceTree = "<group>"; };
		937B0D5D21301BC600C2051B /* EventCreateMenu.cpp */ = {isa = PBXFileReference; lastKnownFileType = sourcecode.cpp.cpp; path = EventCreateMenu.cpp; sourceTree = "<group>"; };
		937B0D5E21301BC600C2051B /* EventCreateMenu.hpp */ = {isa = PBXFileReference; lastKnownFileType = sourcecode.cpp.h; path = EventCreateMenu.hpp; sourceTree = "<group>"; };
		937B0D6021301D1000C2051B /* TextBox.cpp */ = {isa = PBXFileReference; lastKnownFileType = sourcecode.cpp.cpp; path = TextBox.cpp; sourceTree = "<group>"; };
		937B0D6121301D1000C2051B /* TextBox.hpp */ = {isa = PBXFileReference; lastKnownFileType = sourcecode.cpp.h; path = TextBox.hpp; sourceTree = "<group>"; };
		937B0D6321317D3100C2051B /* SDL2_net.framework */ = {isa = PBXFileReference; lastKnownFileType = wrapper.framework; name = SDL2_net.framework; path = ../SDL2_net.framework; sourceTree = "<group>"; };
		93827079213A5C050084F967 /* Client.cpp */ = {isa = PBXFileReference; fileEncoding = 4; lastKnownFileType = sourcecode.cpp.cpp; path = Client.cpp; sourceTree = "<group>"; };
		9382707A213A5C050084F967 /* RemotePlayer.hpp */ = {isa = PBXFileReference; fileEncoding = 4; lastKnownFileType = sourcecode.cpp.h; path = RemotePlayer.hpp; sourceTree = "<group>"; };
		9382707B213A5C050084F967 /* ServerSelector.cpp */ = {isa = PBXFileReference; fileEncoding = 4; lastKnownFileType = sourcecode.cpp.cpp; path = ServerSelector.cpp; sourceTree = "<group>"; };
		9382707C213A5C050084F967 /* Client.hpp */ = {isa = PBXFileReference; fileEncoding = 4; lastKnownFileType = sourcecode.cpp.h; path = Client.hpp; sourceTree = "<group>"; };
		9382707D213A5C050084F967 /* RemotePlayer.cpp */ = {isa = PBXFileReference; fileEncoding = 4; lastKnownFileType = sourcecode.cpp.cpp; path = RemotePlayer.cpp; sourceTree = "<group>"; };
		9382707E213A5C050084F967 /* ServerSelector.hpp */ = {isa = PBXFileReference; fileEncoding = 4; lastKnownFileType = sourcecode.cpp.h; path = ServerSelector.hpp; sourceTree = "<group>"; };
		93827082213BAE3A0084F967 /* PauseMenu.cpp */ = {isa = PBXFileReference; lastKnownFileType = sourcecode.cpp.cpp; path = PauseMenu.cpp; sourceTree = "<group>"; };
		93827083213BAE3A0084F967 /* PauseMenu.hpp */ = {isa = PBXFileReference; lastKnownFileType = sourcecode.cpp.h; path = PauseMenu.hpp; sourceTree = "<group>"; };
		93827086213EC7EF0084F967 /* Enemy.cpp */ = {isa = PBXFileReference; lastKnownFileType = sourcecode.cpp.cpp; path = Enemy.cpp; sourceTree = "<group>"; };
		93827087213EC7EF0084F967 /* Enemy.hpp */ = {isa = PBXFileReference; lastKnownFileType = sourcecode.cpp.h; path = Enemy.hpp; sourceTree = "<group>"; };
		93827089213ECD8C0084F967 /* Slime.cpp */ = {isa = PBXFileReference; lastKnownFileType = sourcecode.cpp.cpp; path = Slime.cpp; sourceTree = "<group>"; };
		9382708A213ECD8C0084F967 /* Slime.hpp */ = {isa = PBXFileReference; lastKnownFileType = sourcecode.cpp.h; path = Slime.hpp; sourceTree = "<group>"; };
		9382708D213ED2D10084F967 /* Projectile.cpp */ = {isa = PBXFileReference; lastKnownFileType = sourcecode.cpp.cpp; path = Projectile.cpp; sourceTree = "<group>"; };
		9382708E213ED2D10084F967 /* Projectile.hpp */ = {isa = PBXFileReference; lastKnownFileType = sourcecode.cpp.h; path = Projectile.hpp; sourceTree = "<group>"; };
		93D1C7CA212AD12B004AACD1 /* Event.cpp */ = {isa = PBXFileReference; lastKnownFileType = sourcecode.cpp.cpp; path = Event.cpp; sourceTree = "<group>"; };
		93D1C7CB212AD12B004AACD1 /* Event.hpp */ = {isa = PBXFileReference; lastKnownFileType = sourcecode.cpp.h; path = Event.hpp; sourceTree = "<group>"; };
		93D1C7CF212ADCCE004AACD1 /* Player.cpp */ = {isa = PBXFileReference; lastKnownFileType = sourcecode.cpp.cpp; path = Player.cpp; sourceTree = "<group>"; };
		93D1C7D0212ADCCE004AACD1 /* Player.hpp */ = {isa = PBXFileReference; lastKnownFileType = sourcecode.cpp.h; path = Player.hpp; sourceTree = "<group>"; };
		93D1C7D4212C2268004AACD1 /* LevelLoader.cpp */ = {isa = PBXFileReference; lastKnownFileType = sourcecode.cpp.cpp; path = LevelLoader.cpp; sourceTree = "<group>"; };
		93D1C7D5212C2268004AACD1 /* LevelLoader.hpp */ = {isa = PBXFileReference; lastKnownFileType = sourcecode.cpp.h; path = LevelLoader.hpp; sourceTree = "<group>"; };
		93D1C7D9212C390F004AACD1 /* SDL2.framework */ = {isa = PBXFileReference; lastKnownFileType = wrapper.framework; name = SDL2.framework; path = ../SDL2.framework; sourceTree = "<group>"; };
		93D47B99212C414B007853BC /* FileReader.cpp */ = {isa = PBXFileReference; lastKnownFileType = sourcecode.cpp.cpp; path = FileReader.cpp; sourceTree = "<group>"; };
		93D47B9B212C41A6007853BC /* EventLoader.cpp */ = {isa = PBXFileReference; lastKnownFileType = sourcecode.cpp.cpp; path = EventLoader.cpp; sourceTree = "<group>"; };
		93D47B9C212C41A6007853BC /* EventLoader.hpp */ = {isa = PBXFileReference; lastKnownFileType = sourcecode.cpp.h; path = EventLoader.hpp; sourceTree = "<group>"; };
		93D47B9E212C433C007853BC /* EventActions.cpp */ = {isa = PBXFileReference; lastKnownFileType = sourcecode.cpp.cpp; path = EventActions.cpp; sourceTree = "<group>"; };
		93D47B9F212C433C007853BC /* EventActions.hpp */ = {isa = PBXFileReference; lastKnownFileType = sourcecode.cpp.h; path = EventActions.hpp; sourceTree = "<group>"; };
		93D47BA1212C4C85007853BC /* Entity.cpp */ = {isa = PBXFileReference; lastKnownFileType = sourcecode.cpp.cpp; path = Entity.cpp; sourceTree = "<group>"; };
		93D47BA2212C4C85007853BC /* Entity.hpp */ = {isa = PBXFileReference; lastKnownFileType = sourcecode.cpp.h; path = Entity.hpp; sourceTree = "<group>"; };
		93D47BA4212C55A2007853BC /* EventData.hpp */ = {isa = PBXFileReference; lastKnownFileType = sourcecode.cpp.h; path = EventData.hpp; sourceTree = "<group>"; };
		93D47BA6212D4EF5007853BC /* Menu.cpp */ = {isa = PBXFileReference; lastKnownFileType = sourcecode.cpp.cpp; path = Menu.cpp; sourceTree = "<group>"; };
		93D47BA7212D4EF5007853BC /* Menu.hpp */ = {isa = PBXFileReference; lastKnownFileType = sourcecode.cpp.h; path = Menu.hpp; sourceTree = "<group>"; };
		93D47BA9212D8A8F007853BC /* MainMenu.cpp */ = {isa = PBXFileReference; lastKnownFileType = sourcecode.cpp.cpp; path = MainMenu.cpp; sourceTree = "<group>"; };
		93D47BAA212D8A8F007853BC /* MainMenu.hpp */ = {isa = PBXFileReference; lastKnownFileType = sourcecode.cpp.h; path = MainMenu.hpp; sourceTree = "<group>"; };
		93D47BAD212D902A007853BC /* Button.cpp */ = {isa = PBXFileReference; lastKnownFileType = sourcecode.cpp.cpp; path = Button.cpp; sourceTree = "<group>"; };
		93D47BAE212D902A007853BC /* Button.hpp */ = {isa = PBXFileReference; lastKnownFileType = sourcecode.cpp.h; path = Button.hpp; sourceTree = "<group>"; };
		93D47BB0212D9044007853BC /* Elements.hpp */ = {isa = PBXFileReference; lastKnownFileType = sourcecode.cpp.h; path = Elements.hpp; sourceTree = "<group>"; };
		93D47BB1212D9086007853BC /* Element.cpp */ = {isa = PBXFileReference; lastKnownFileType = sourcecode.cpp.cpp; path = Element.cpp; sourceTree = "<group>"; };
		93D47BB2212D9086007853BC /* Element.hpp */ = {isa = PBXFileReference; lastKnownFileType = sourcecode.cpp.h; path = Element.hpp; sourceTree = "<group>"; };
		93D47BB4212D91D7007853BC /* SDL2_ttf.framework */ = {isa = PBXFileReference; lastKnownFileType = wrapper.framework; name = SDL2_ttf.framework; path = ../SDL2_ttf.framework; sourceTree = "<group>"; };
		93D47BB7212D91F1007853BC /* Text.cpp */ = {isa = PBXFileReference; lastKnownFileType = sourcecode.cpp.cpp; path = Text.cpp; sourceTree = "<group>"; };
		93D47BB8212D91F1007853BC /* Text.hpp */ = {isa = PBXFileReference; lastKnownFileType = sourcecode.cpp.h; path = Text.hpp; sourceTree = "<group>"; };
		93D47BBA212D9338007853BC /* SDL_Util.hpp */ = {isa = PBXFileReference; lastKnownFileType = sourcecode.cpp.h; path = SDL_Util.hpp; sourceTree = "<group>"; };
		93D47BBD212DE69C007853BC /* SDL_Util.cpp */ = {isa = PBXFileReference; lastKnownFileType = sourcecode.cpp.cpp; path = SDL_Util.cpp; sourceTree = "<group>"; };
		93E2788B214146AA00F5EC35 /* Inventory.cpp */ = {isa = PBXFileReference; lastKnownFileType = sourcecode.cpp.cpp; path = Inventory.cpp; sourceTree = "<group>"; };
		93E2788C214146AA00F5EC35 /* Inventory.hpp */ = {isa = PBXFileReference; lastKnownFileType = sourcecode.cpp.h; path = Inventory.hpp; sourceTree = "<group>"; };
		93E2788F2143AB1C00F5EC35 /* ItemSlot.cpp */ = {isa = PBXFileReference; lastKnownFileType = sourcecode.cpp.cpp; path = ItemSlot.cpp; sourceTree = "<group>"; };
		93E278902143AB1C00F5EC35 /* ItemSlot.hpp */ = {isa = PBXFileReference; lastKnownFileType = sourcecode.cpp.h; path = ItemSlot.hpp; sourceTree = "<group>"; };
/* End PBXFileReference section */

/* Begin PBXFrameworksBuildPhase section */
		932D3209212AB6E500DA45BD /* Frameworks */ = {
			isa = PBXFrameworksBuildPhase;
			buildActionMask = 2147483647;
			files = (
				93D47BB5212D91D7007853BC /* SDL2_ttf.framework in Frameworks */,
				9368D3132131A0B5005D6756 /* SDL2_mixer.framework in Frameworks */,
				93D1C7DA212C390F004AACD1 /* SDL2.framework in Frameworks */,
				937B0D6421317D3100C2051B /* SDL2_net.framework in Frameworks */,
				9368D31B2132A7A8005D6756 /* SDL2_image.framework in Frameworks */,
			);
			runOnlyForDeploymentPostprocessing = 0;
		};
/* End PBXFrameworksBuildPhase section */

/* Begin PBXGroup section */
		93185F8B21465F1F001A2167 /* config */ = {
			isa = PBXGroup;
			children = (
				93185F8C21465F31001A2167 /* ConfigLoader.cpp */,
				93185F8D21465F31001A2167 /* ConfigLoader.hpp */,
				93185F8F2146A699001A2167 /* ConfigMenu.cpp */,
				93185F902146A699001A2167 /* ConfigMenu.hpp */,
			);
			path = config;
			sourceTree = "<group>";
		};
		932D3203212AB6E500DA45BD = {
			isa = PBXGroup;
			children = (
				93185F992146E318001A2167 /* textures */,
				936C12E9213550F700404679 /* data */,
				936C12E8213550F700404679 /* fonts */,
				9368D31A2132A7A8005D6756 /* SDL2_image.framework */,
				9368D3122131A0B5005D6756 /* SDL2_mixer.framework */,
				937B0D6321317D3100C2051B /* SDL2_net.framework */,
				93D47BB4212D91D7007853BC /* SDL2_ttf.framework */,
				93D1C7D9212C390F004AACD1 /* SDL2.framework */,
				932D320E212AB6E500DA45BD /* Informatik */,
				932D320D212AB6E500DA45BD /* Products */,
				932D321D212AB81200DA45BD /* Frameworks */,
			);
			sourceTree = "<group>";
		};
		932D320D212AB6E500DA45BD /* Products */ = {
			isa = PBXGroup;
			children = (
				932D320C212AB6E500DA45BD /* Informatik */,
			);
			name = Products;
			sourceTree = "<group>";
		};
		932D320E212AB6E500DA45BD /* Informatik */ = {
			isa = PBXGroup;
			children = (
				93185F8B21465F1F001A2167 /* config */,
				937AFC5D214046A300F92964 /* items */,
				9382708C213ED2990084F967 /* projectile */,
				93827085213EC7E20084F967 /* enemy */,
				936C12ED213593FD00404679 /* multiplayer */,
				9368D3162131A161005D6756 /* tests */,
				93D1C7CD212ADCBE004AACD1 /* entity */,
				932D3227212ABBAC00DA45BD /* util */,
				932D3220212ABAE200DA45BD /* level */,
				932D3219212AB78F00DA45BD /* graphics */,
				932D320F212AB6E500DA45BD /* main.cpp */,
				932D321F212AB8CA00DA45BD /* config.h */,
			);
			path = Informatik;
			sourceTree = "<group>";
		};
		932D3219212AB78F00DA45BD /* graphics */ = {
			isa = PBXGroup;
			children = (
				93E2788A2141469300F5EC35 /* gui */,
				93D47BA5212D4EE7007853BC /* overlay */,
				932D321A212AB79C00DA45BD /* Window.cpp */,
				932D321B212AB79C00DA45BD /* Window.hpp */,
			);
			path = graphics;
			sourceTree = "<group>";
		};
		932D321D212AB81200DA45BD /* Frameworks */ = {
			isa = PBXGroup;
			children = (
			);
			name = Frameworks;
			sourceTree = "<group>";
		};
		932D3220212ABAE200DA45BD /* level */ = {
			isa = PBXGroup;
			children = (
				93D1C7D3212C2259004AACD1 /* loader */,
				4D6A79C62147F57C003F31B5 /* Building.cpp */,
				4D6A79C72147F57C003F31B5 /* Building.hpp */,
				932D3221212ABAF600DA45BD /* Level.cpp */,
				932D3222212ABAF600DA45BD /* Level.hpp */,
				932D3224212ABB4A00DA45BD /* Tile.cpp */,
				932D3225212ABB4A00DA45BD /* Tile.hpp */,
				93D1C7CA212AD12B004AACD1 /* Event.cpp */,
				93D1C7CB212AD12B004AACD1 /* Event.hpp */,
			);
			path = level;
			sourceTree = "<group>";
		};
		932D3227212ABBAC00DA45BD /* util */ = {
			isa = PBXGroup;
			children = (
				932D3229212ABBBC00DA45BD /* FileReader.hpp */,
				93D47B99212C414B007853BC /* FileReader.cpp */,
				932D322E212ABC6700DA45BD /* Logger.hpp */,
				93D47BBA212D9338007853BC /* SDL_Util.hpp */,
				93D47BBD212DE69C007853BC /* SDL_Util.cpp */,
				936C12FE2136BFF800404679 /* Tile_Util.cpp */,
				936C12FF2136BFF800404679 /* Tile_Util.hpp */,
				937AC1F0213F011600F1D92C /* Math_Util.cpp */,
				937AC1F1213F011600F1D92C /* Math_Util.hpp */,
			);
			path = util;
			sourceTree = "<group>";
		};
		9368D3162131A161005D6756 /* tests */ = {
			isa = PBXGroup;
			children = (
				9368D3182131A17B005D6756 /* Tests.cpp */,
				9368D3172131A17B005D6756 /* Tests.hpp */,
			);
			path = tests;
			sourceTree = "<group>";
		};
		936C12DE21353A2F00404679 /* loader */ = {
			isa = PBXGroup;
			children = (
				936C12E021353A4000404679 /* NPCLoader.cpp */,
				936C12E121353A4000404679 /* NPCLoader.hpp */,
			);
			path = loader;
			sourceTree = "<group>";
		};
		936C12ED213593FD00404679 /* multiplayer */ = {
			isa = PBXGroup;
			children = (
				93827079213A5C050084F967 /* Client.cpp */,
				9382707C213A5C050084F967 /* Client.hpp */,
				9382707D213A5C050084F967 /* RemotePlayer.cpp */,
				9382707A213A5C050084F967 /* RemotePlayer.hpp */,
				9382707B213A5C050084F967 /* ServerSelector.cpp */,
				9382707E213A5C050084F967 /* ServerSelector.hpp */,
				936C12EE2135941800404679 /* Server.cpp */,
				936C12EF2135941800404679 /* Server.hpp */,
			);
			path = multiplayer;
			sourceTree = "<group>";
		};
		937AFC5D214046A300F92964 /* items */ = {
			isa = PBXGroup;
			children = (
				937AFC5E214046B800F92964 /* Item.cpp */,
				937AFC5F214046B800F92964 /* Item.hpp */,
				937AFC61214046C000F92964 /* EntityItem.cpp */,
				937AFC62214046C000F92964 /* EntityItem.hpp */,
			);
			path = items;
			sourceTree = "<group>";
		};
		937B0D5C21301BAD00C2051B /* editor */ = {
			isa = PBXGroup;
			children = (
				937B0D5D21301BC600C2051B /* EventCreateMenu.cpp */,
				937B0D5E21301BC600C2051B /* EventCreateMenu.hpp */,
				936C12F8213665B300404679 /* EditorOverlay.cpp */,
				936C12F9213665B300404679 /* EditorOverlay.hpp */,
				936C12FB2136BDE400404679 /* TileEditor.cpp */,
				936C12FC2136BDE400404679 /* TileEditor.hpp */,
			);
			path = editor;
			sourceTree = "<group>";
		};
		93827085213EC7E20084F967 /* enemy */ = {
			isa = PBXGroup;
			children = (
				93827086213EC7EF0084F967 /* Enemy.cpp */,
				93827087213EC7EF0084F967 /* Enemy.hpp */,
				93827089213ECD8C0084F967 /* Slime.cpp */,
				9382708A213ECD8C0084F967 /* Slime.hpp */,
			);
			path = enemy;
			sourceTree = "<group>";
		};
		9382708C213ED2990084F967 /* projectile */ = {
			isa = PBXGroup;
			children = (
				9382708D213ED2D10084F967 /* Projectile.cpp */,
				9382708E213ED2D10084F967 /* Projectile.hpp */,
				93185F8821465506001A2167 /* ExplodingProjectile.cpp */,
				93185F8921465506001A2167 /* ExplodingProjectile.hpp */,
				937B001C214D888000BE1EE0 /* Explosion.cpp */,
				937B001D214D888000BE1EE0 /* Explosion.hpp */,
			);
			path = projectile;
			sourceTree = "<group>";
		};
		93D1C7CD212ADCBE004AACD1 /* entity */ = {
			isa = PBXGroup;
			children = (
				936C12DE21353A2F00404679 /* loader */,
				93D1C7CF212ADCCE004AACD1 /* Player.cpp */,
				93D1C7D0212ADCCE004AACD1 /* Player.hpp */,
				93D47BA1212C4C85007853BC /* Entity.cpp */,
				93D47BA2212C4C85007853BC /* Entity.hpp */,
				4D42764F2133F636003F6411 /* NPC.cpp */,
				4D4276502133F636003F6411 /* NPC.hpp */,
			);
			path = entity;
			sourceTree = "<group>";
		};
		93D1C7D3212C2259004AACD1 /* loader */ = {
			isa = PBXGroup;
			children = (
				93D1C7D4212C2268004AACD1 /* LevelLoader.cpp */,
				93D1C7D5212C2268004AACD1 /* LevelLoader.hpp */,
				93D47B9B212C41A6007853BC /* EventLoader.cpp */,
				93D47B9C212C41A6007853BC /* EventLoader.hpp */,
				93D47B9E212C433C007853BC /* EventActions.cpp */,
				93D47B9F212C433C007853BC /* EventActions.hpp */,
				93D47BA4212C55A2007853BC /* EventData.hpp */,
				936C12D72133E3A900404679 /* TextLoader.cpp */,
				936C12D82133E3A900404679 /* TextLoader.hpp */,
			);
			path = loader;
			sourceTree = "<group>";
		};
		93D47BA5212D4EE7007853BC /* overlay */ = {
			isa = PBXGroup;
			children = (
				937B0D5C21301BAD00C2051B /* editor */,
				93D47BAC212D8A92007853BC /* elements */,
				93D47BA6212D4EF5007853BC /* Menu.cpp */,
				93D47BA7212D4EF5007853BC /* Menu.hpp */,
				93D47BA9212D8A8F007853BC /* MainMenu.cpp */,
				93D47BAA212D8A8F007853BC /* MainMenu.hpp */,
				937B0D59212FDAEF00C2051B /* DebugOverlay.cpp */,
				937B0D5A212FDAEF00C2051B /* DebugOverlay.hpp */,
				936C12D42133D03A00404679 /* DialogOverlay.cpp */,
				936C12D52133D03A00404679 /* DialogOverlay.hpp */,
				93827082213BAE3A0084F967 /* PauseMenu.cpp */,
				93827083213BAE3A0084F967 /* PauseMenu.hpp */,
			);
			path = overlay;
			sourceTree = "<group>";
		};
		93D47BAC212D8A92007853BC /* elements */ = {
			isa = PBXGroup;
			children = (
				93D47BAD212D902A007853BC /* Button.cpp */,
				93D47BAE212D902A007853BC /* Button.hpp */,
				93D47BB0212D9044007853BC /* Elements.hpp */,
				93D47BB1212D9086007853BC /* Element.cpp */,
				93D47BB2212D9086007853BC /* Element.hpp */,
				93D47BB7212D91F1007853BC /* Text.cpp */,
				93D47BB8212D91F1007853BC /* Text.hpp */,
				937B0D6021301D1000C2051B /* TextBox.cpp */,
				937B0D6121301D1000C2051B /* TextBox.hpp */,
				936C12F12135CE4D00404679 /* Slider.cpp */,
				936C12F22135CE4D00404679 /* Slider.hpp */,
				936C12F52135DBD800404679 /* Dropdown.cpp */,
				936C12F62135DBD800404679 /* Dropdown.hpp */,
			);
			path = elements;
			sourceTree = "<group>";
		};
		93E2788A2141469300F5EC35 /* gui */ = {
			isa = PBXGroup;
			children = (
				93E2788B214146AA00F5EC35 /* Inventory.cpp */,
				93E2788C214146AA00F5EC35 /* Inventory.hpp */,
				93E2788F2143AB1C00F5EC35 /* ItemSlot.cpp */,
				93E278902143AB1C00F5EC35 /* ItemSlot.hpp */,
				93185F9B21479203001A2167 /* PlayerOverlay.cpp */,
				93185F9C21479203001A2167 /* PlayerOverlay.hpp */,
			);
			path = gui;
			sourceTree = "<group>";
		};
/* End PBXGroup section */

/* Begin PBXNativeTarget section */
		932D320B212AB6E500DA45BD /* Informatik */ = {
			isa = PBXNativeTarget;
			buildConfigurationList = 932D3213212AB6E500DA45BD /* Build configuration list for PBXNativeTarget "Informatik" */;
			buildPhases = (
				932D3208212AB6E500DA45BD /* Sources */,
				932D3209212AB6E500DA45BD /* Frameworks */,
				932D320A212AB6E500DA45BD /* Copy Files */,
				936C12D22133B7DD00404679 /* CopyFiles */,
			);
			buildRules = (
			);
			dependencies = (
			);
			name = Informatik;
			productName = Informatik;
			productReference = 932D320C212AB6E500DA45BD /* Informatik */;
			productType = "com.apple.product-type.tool";
		};
/* End PBXNativeTarget section */

/* Begin PBXProject section */
		932D3204212AB6E500DA45BD /* Project object */ = {
			isa = PBXProject;
			attributes = {
				LastUpgradeCheck = 0940;
				ORGANIZATIONNAME = "Aaron Hodel";
				TargetAttributes = {
					932D320B212AB6E500DA45BD = {
						CreatedOnToolsVersion = 9.4.1;
					};
				};
			};
			buildConfigurationList = 932D3207212AB6E500DA45BD /* Build configuration list for PBXProject "Informatik" */;
			compatibilityVersion = "Xcode 9.3";
			developmentRegion = en;
			hasScannedForEncodings = 0;
			knownRegions = (
				en,
			);
			mainGroup = 932D3203212AB6E500DA45BD;
			productRefGroup = 932D320D212AB6E500DA45BD /* Products */;
			projectDirPath = "";
			projectRoot = "";
			targets = (
				932D320B212AB6E500DA45BD /* Informatik */,
			);
		};
/* End PBXProject section */

/* Begin PBXSourcesBuildPhase section */
		932D3208212AB6E500DA45BD /* Sources */ = {
			isa = PBXSourcesBuildPhase;
			buildActionMask = 2147483647;
			files = (
				936C12D92133E3A900404679 /* TextLoader.cpp in Sources */,
				936C12E221353A4000404679 /* NPCLoader.cpp in Sources */,
				936C12F72135DBD800404679 /* Dropdown.cpp in Sources */,
				932D3223212ABAF600DA45BD /* Level.cpp in Sources */,
				93827084213BAE3A0084F967 /* PauseMenu.cpp in Sources */,
				932D3210212AB6E500DA45BD /* main.cpp in Sources */,
				937B0D6221301D1000C2051B /* TextBox.cpp in Sources */,
				9368D3192131A17B005D6756 /* Tests.cpp in Sources */,
				93D47BBE212DE69C007853BC /* SDL_Util.cpp in Sources */,
				93D47B9D212C41A6007853BC /* EventLoader.cpp in Sources */,
				936C12F02135941800404679 /* Server.cpp in Sources */,
				93185F8E21465F31001A2167 /* ConfigLoader.cpp in Sources */,
				93185F8A21465506001A2167 /* ExplodingProjectile.cpp in Sources */,
				936C12D62133D03A00404679 /* DialogOverlay.cpp in Sources */,
				93827088213EC7EF0084F967 /* Enemy.cpp in Sources */,
				937B0D5F21301BC600C2051B /* EventCreateMenu.cpp in Sources */,
				4D4276512133F636003F6411 /* NPC.cpp in Sources */,
				93D47BAF212D902A007853BC /* Button.cpp in Sources */,
				93D47BA3212C4C85007853BC /* Entity.cpp in Sources */,
				9382708B213ECD8C0084F967 /* Slime.cpp in Sources */,
				93D47B9A212C414B007853BC /* FileReader.cpp in Sources */,
				93D47BA0212C433C007853BC /* EventActions.cpp in Sources */,
				9382708F213ED2D10084F967 /* Projectile.cpp in Sources */,
				936C12F32135CE4D00404679 /* Slider.cpp in Sources */,
				936C12FD2136BDE400404679 /* TileEditor.cpp in Sources */,
				937B0D5B212FDAEF00C2051B /* DebugOverlay.cpp in Sources */,
				93185F912146A699001A2167 /* ConfigMenu.cpp in Sources */,
				4D6A79C82147F57C003F31B5 /* Building.cpp in Sources */,
				937AFC60214046B800F92964 /* Item.cpp in Sources */,
				93D47BA8212D4EF5007853BC /* Menu.cpp in Sources */,
				937AC1F2213F011600F1D92C /* Math_Util.cpp in Sources */,
				936C13002136BFF800404679 /* Tile_Util.cpp in Sources */,
				936C12FA213665B300404679 /* EditorOverlay.cpp in Sources */,
				937B001E214D888000BE1EE0 /* Explosion.cpp in Sources */,
				937AFC63214046C000F92964 /* EntityItem.cpp in Sources */,
				93D1C7D1212ADCCE004AACD1 /* Player.cpp in Sources */,
				93D1C7CC212AD12B004AACD1 /* Event.cpp in Sources */,
				93D47BAB212D8A8F007853BC /* MainMenu.cpp in Sources */,
				93185F9D21479203001A2167 /* PlayerOverlay.cpp in Sources */,
				9382707F213A5C050084F967 /* Client.cpp in Sources */,
				932D321C212AB79C00DA45BD /* Window.cpp in Sources */,
				93D47BB3212D9086007853BC /* Element.cpp in Sources */,
				932D3226212ABB4A00DA45BD /* Tile.cpp in Sources */,
				93827081213A5C050084F967 /* RemotePlayer.cpp in Sources */,
				93D47BB9212D91F1007853BC /* Text.cpp in Sources */,
				93E278912143AB1C00F5EC35 /* ItemSlot.cpp in Sources */,
				93D1C7D6212C2268004AACD1 /* LevelLoader.cpp in Sources */,
				93E2788D214146AA00F5EC35 /* Inventory.cpp in Sources */,
				93827080213A5C050084F967 /* ServerSelector.cpp in Sources */,
			);
			runOnlyForDeploymentPostprocessing = 0;
		};
/* End PBXSourcesBuildPhase section */

/* Begin XCBuildConfiguration section */
		932D3211212AB6E500DA45BD /* Debug */ = {
			isa = XCBuildConfiguration;
			buildSettings = {
				ALWAYS_SEARCH_USER_PATHS = NO;
				CLANG_ANALYZER_NONNULL = YES;
				CLANG_ANALYZER_NUMBER_OBJECT_CONVERSION = YES_AGGRESSIVE;
				CLANG_CXX_LANGUAGE_STANDARD = "gnu++14";
				CLANG_CXX_LIBRARY = "libc++";
				CLANG_ENABLE_MODULES = YES;
				CLANG_ENABLE_OBJC_ARC = YES;
				CLANG_ENABLE_OBJC_WEAK = YES;
				CLANG_WARN_BLOCK_CAPTURE_AUTORELEASING = YES;
				CLANG_WARN_BOOL_CONVERSION = YES;
				CLANG_WARN_COMMA = YES;
				CLANG_WARN_CONSTANT_CONVERSION = YES;
				CLANG_WARN_DEPRECATED_OBJC_IMPLEMENTATIONS = YES;
				CLANG_WARN_DIRECT_OBJC_ISA_USAGE = YES_ERROR;
				CLANG_WARN_DOCUMENTATION_COMMENTS = YES;
				CLANG_WARN_EMPTY_BODY = YES;
				CLANG_WARN_ENUM_CONVERSION = YES;
				CLANG_WARN_INFINITE_RECURSION = YES;
				CLANG_WARN_INT_CONVERSION = YES;
				CLANG_WARN_NON_LITERAL_NULL_CONVERSION = YES;
				CLANG_WARN_OBJC_IMPLICIT_RETAIN_SELF = YES;
				CLANG_WARN_OBJC_LITERAL_CONVERSION = YES;
				CLANG_WARN_OBJC_ROOT_CLASS = YES_ERROR;
				CLANG_WARN_RANGE_LOOP_ANALYSIS = YES;
				CLANG_WARN_STRICT_PROTOTYPES = YES;
				CLANG_WARN_SUSPICIOUS_MOVE = YES;
				CLANG_WARN_UNGUARDED_AVAILABILITY = YES_AGGRESSIVE;
				CLANG_WARN_UNREACHABLE_CODE = YES;
				CLANG_WARN__DUPLICATE_METHOD_MATCH = YES;
				CODE_SIGN_IDENTITY = "Mac Developer";
				COPY_PHASE_STRIP = NO;
				DEBUG_INFORMATION_FORMAT = dwarf;
				ENABLE_STRICT_OBJC_MSGSEND = YES;
				ENABLE_TESTABILITY = YES;
				GCC_C_LANGUAGE_STANDARD = gnu11;
				GCC_DYNAMIC_NO_PIC = NO;
				GCC_NO_COMMON_BLOCKS = YES;
				GCC_OPTIMIZATION_LEVEL = 0;
				GCC_PREPROCESSOR_DEFINITIONS = (
					"DEBUG=1",
					"$(inherited)",
				);
				GCC_WARN_64_TO_32_BIT_CONVERSION = YES;
				GCC_WARN_ABOUT_RETURN_TYPE = YES_ERROR;
				GCC_WARN_UNDECLARED_SELECTOR = YES;
				GCC_WARN_UNINITIALIZED_AUTOS = YES_AGGRESSIVE;
				GCC_WARN_UNUSED_FUNCTION = YES;
				GCC_WARN_UNUSED_VARIABLE = YES;
				MACOSX_DEPLOYMENT_TARGET = 10.13;
				MTL_ENABLE_DEBUG_INFO = YES;
				ONLY_ACTIVE_ARCH = YES;
				SDKROOT = macosx;
			};
			name = Debug;
		};
		932D3212212AB6E500DA45BD /* Release */ = {
			isa = XCBuildConfiguration;
			buildSettings = {
				ALWAYS_SEARCH_USER_PATHS = NO;
				CLANG_ANALYZER_NONNULL = YES;
				CLANG_ANALYZER_NUMBER_OBJECT_CONVERSION = YES_AGGRESSIVE;
				CLANG_CXX_LANGUAGE_STANDARD = "gnu++14";
				CLANG_CXX_LIBRARY = "libc++";
				CLANG_ENABLE_MODULES = YES;
				CLANG_ENABLE_OBJC_ARC = YES;
				CLANG_ENABLE_OBJC_WEAK = YES;
				CLANG_WARN_BLOCK_CAPTURE_AUTORELEASING = YES;
				CLANG_WARN_BOOL_CONVERSION = YES;
				CLANG_WARN_COMMA = YES;
				CLANG_WARN_CONSTANT_CONVERSION = YES;
				CLANG_WARN_DEPRECATED_OBJC_IMPLEMENTATIONS = YES;
				CLANG_WARN_DIRECT_OBJC_ISA_USAGE = YES_ERROR;
				CLANG_WARN_DOCUMENTATION_COMMENTS = YES;
				CLANG_WARN_EMPTY_BODY = YES;
				CLANG_WARN_ENUM_CONVERSION = YES;
				CLANG_WARN_INFINITE_RECURSION = YES;
				CLANG_WARN_INT_CONVERSION = YES;
				CLANG_WARN_NON_LITERAL_NULL_CONVERSION = YES;
				CLANG_WARN_OBJC_IMPLICIT_RETAIN_SELF = YES;
				CLANG_WARN_OBJC_LITERAL_CONVERSION = YES;
				CLANG_WARN_OBJC_ROOT_CLASS = YES_ERROR;
				CLANG_WARN_RANGE_LOOP_ANALYSIS = YES;
				CLANG_WARN_STRICT_PROTOTYPES = YES;
				CLANG_WARN_SUSPICIOUS_MOVE = YES;
				CLANG_WARN_UNGUARDED_AVAILABILITY = YES_AGGRESSIVE;
				CLANG_WARN_UNREACHABLE_CODE = YES;
				CLANG_WARN__DUPLICATE_METHOD_MATCH = YES;
				CODE_SIGN_IDENTITY = "Mac Developer";
				COPY_PHASE_STRIP = NO;
				DEBUG_INFORMATION_FORMAT = "dwarf-with-dsym";
				ENABLE_NS_ASSERTIONS = NO;
				ENABLE_STRICT_OBJC_MSGSEND = YES;
				GCC_C_LANGUAGE_STANDARD = gnu11;
				GCC_NO_COMMON_BLOCKS = YES;
				GCC_WARN_64_TO_32_BIT_CONVERSION = YES;
				GCC_WARN_ABOUT_RETURN_TYPE = YES_ERROR;
				GCC_WARN_UNDECLARED_SELECTOR = YES;
				GCC_WARN_UNINITIALIZED_AUTOS = YES_AGGRESSIVE;
				GCC_WARN_UNUSED_FUNCTION = YES;
				GCC_WARN_UNUSED_VARIABLE = YES;
				MACOSX_DEPLOYMENT_TARGET = 10.13;
				MTL_ENABLE_DEBUG_INFO = NO;
				SDKROOT = macosx;
			};
			name = Release;
		};
		932D3214212AB6E500DA45BD /* Debug */ = {
			isa = XCBuildConfiguration;
			buildSettings = {
				CLANG_WARN_DOCUMENTATION_COMMENTS = NO;
				CODE_SIGN_IDENTITY = "";
				CODE_SIGN_STYLE = Automatic;
				DEVELOPMENT_TEAM = "";
				FRAMEWORK_SEARCH_PATHS = (
					"$(PROJECT_DIR)/..",
					"$(PROJECT_DIR)",
				);
				LD_RUNPATH_SEARCH_PATHS = .;
				PRODUCT_NAME = "$(TARGET_NAME)";
				PROVISIONING_PROFILE_SPECIFIER = "";
			};
			name = Debug;
		};
		932D3215212AB6E500DA45BD /* Release */ = {
			isa = XCBuildConfiguration;
			buildSettings = {
				CLANG_WARN_DOCUMENTATION_COMMENTS = NO;
				CODE_SIGN_IDENTITY = "";
				CODE_SIGN_STYLE = Automatic;
				DEVELOPMENT_TEAM = "";
				FRAMEWORK_SEARCH_PATHS = (
					"$(PROJECT_DIR)/..",
					"$(PROJECT_DIR)",
				);
				LD_RUNPATH_SEARCH_PATHS = .;
				PRODUCT_NAME = "$(TARGET_NAME)";
				PROVISIONING_PROFILE_SPECIFIER = "";
			};
			name = Release;
		};
/* End XCBuildConfiguration section */

/* Begin XCConfigurationList section */
		932D3207212AB6E500DA45BD /* Build configuration list for PBXProject "Informatik" */ = {
			isa = XCConfigurationList;
			buildConfigurations = (
				932D3211212AB6E500DA45BD /* Debug */,
				932D3212212AB6E500DA45BD /* Release */,
			);
			defaultConfigurationIsVisible = 0;
			defaultConfigurationName = Release;
		};
		932D3213212AB6E500DA45BD /* Build configuration list for PBXNativeTarget "Informatik" */ = {
			isa = XCConfigurationList;
			buildConfigurations = (
				932D3214212AB6E500DA45BD /* Debug */,
				932D3215212AB6E500DA45BD /* Release */,
			);
			defaultConfigurationIsVisible = 0;
			defaultConfigurationName = Release;
		};
/* End XCConfigurationList section */
	};
	rootObject = 932D3204212AB6E500DA45BD /* Project object */;
}
