// !$*UTF8*$!
{
	archiveVersion = 1;
	classes = {
	};
	objectVersion = 50;
	objects = {

/* Begin PBXBuildFile section */
		932D3210212AB6E500DA45BD /* main.cpp in Sources */ = {isa = PBXBuildFile; fileRef = 932D320F212AB6E500DA45BD /* main.cpp */; };
		932D3218212AB71500DA45BD /* SDL2.framework in CopyFiles */ = {isa = PBXBuildFile; fileRef = 932D3216212AB70700DA45BD /* SDL2.framework */; };
		932D321C212AB79C00DA45BD /* Window.cpp in Sources */ = {isa = PBXBuildFile; fileRef = 932D321A212AB79C00DA45BD /* Window.cpp */; };
		932D321E212AB81200DA45BD /* SDL2.framework in Frameworks */ = {isa = PBXBuildFile; fileRef = 932D3216212AB70700DA45BD /* SDL2.framework */; };
		932D3223212ABAF600DA45BD /* Level.cpp in Sources */ = {isa = PBXBuildFile; fileRef = 932D3221212ABAF600DA45BD /* Level.cpp */; };
		932D3226212ABB4A00DA45BD /* Tile.cpp in Sources */ = {isa = PBXBuildFile; fileRef = 932D3224212ABB4A00DA45BD /* Tile.cpp */; };
		93D1C7CC212AD12B004AACD1 /* Event.cpp in Sources */ = {isa = PBXBuildFile; fileRef = 93D1C7CA212AD12B004AACD1 /* Event.cpp */; };
		93D1C7D1212ADCCE004AACD1 /* Player.cpp in Sources */ = {isa = PBXBuildFile; fileRef = 93D1C7CF212ADCCE004AACD1 /* Player.cpp */; };
/* End PBXBuildFile section */

/* Begin PBXCopyFilesBuildPhase section */
		932D320A212AB6E500DA45BD /* CopyFiles */ = {
			isa = PBXCopyFilesBuildPhase;
			buildActionMask = 12;
			dstPath = "";
			dstSubfolderSpec = 16;
			files = (
				932D3218212AB71500DA45BD /* SDL2.framework in CopyFiles */,
			);
			runOnlyForDeploymentPostprocessing = 0;
		};
/* End PBXCopyFilesBuildPhase section */

/* Begin PBXFileReference section */
		932D320C212AB6E500DA45BD /* Informatik */ = {isa = PBXFileReference; explicitFileType = "compiled.mach-o.executable"; includeInIndex = 0; path = Informatik; sourceTree = BUILT_PRODUCTS_DIR; };
		932D320F212AB6E500DA45BD /* main.cpp */ = {isa = PBXFileReference; lastKnownFileType = sourcecode.cpp.cpp; path = main.cpp; sourceTree = "<group>"; };
		932D3216212AB70700DA45BD /* SDL2.framework */ = {isa = PBXFileReference; lastKnownFileType = wrapper.framework; name = SDL2.framework; path = ../SDL2.framework; sourceTree = "<group>"; };
		932D321A212AB79C00DA45BD /* Window.cpp */ = {isa = PBXFileReference; lastKnownFileType = sourcecode.cpp.cpp; path = Window.cpp; sourceTree = "<group>"; };
		932D321B212AB79C00DA45BD /* Window.hpp */ = {isa = PBXFileReference; lastKnownFileType = sourcecode.cpp.h; path = Window.hpp; sourceTree = "<group>"; };
		932D321F212AB8CA00DA45BD /* config.h */ = {isa = PBXFileReference; lastKnownFileType = sourcecode.c.h; path = config.h; sourceTree = "<group>"; };
		932D3221212ABAF600DA45BD /* Level.cpp */ = {isa = PBXFileReference; lastKnownFileType = sourcecode.cpp.cpp; path = Level.cpp; sourceTree = "<group>"; };
		932D3222212ABAF600DA45BD /* Level.hpp */ = {isa = PBXFileReference; lastKnownFileType = sourcecode.cpp.h; path = Level.hpp; sourceTree = "<group>"; };
		932D3224212ABB4A00DA45BD /* Tile.cpp */ = {isa = PBXFileReference; lastKnownFileType = sourcecode.cpp.cpp; path = Tile.cpp; sourceTree = "<group>"; };
		932D3225212ABB4A00DA45BD /* Tile.hpp */ = {isa = PBXFileReference; lastKnownFileType = sourcecode.cpp.h; path = Tile.hpp; sourceTree = "<group>"; };
		932D3229212ABBBC00DA45BD /* FileReader.hpp */ = {isa = PBXFileReference; lastKnownFileType = sourcecode.cpp.h; path = FileReader.hpp; sourceTree = "<group>"; };
		932D322E212ABC6700DA45BD /* Logger.hpp */ = {isa = PBXFileReference; lastKnownFileType = sourcecode.cpp.h; path = Logger.hpp; sourceTree = "<group>"; };
		93D1C7CA212AD12B004AACD1 /* Event.cpp */ = {isa = PBXFileReference; lastKnownFileType = sourcecode.cpp.cpp; path = Event.cpp; sourceTree = "<group>"; };
		93D1C7CB212AD12B004AACD1 /* Event.hpp */ = {isa = PBXFileReference; lastKnownFileType = sourcecode.cpp.h; path = Event.hpp; sourceTree = "<group>"; };
		93D1C7CF212ADCCE004AACD1 /* Player.cpp */ = {isa = PBXFileReference; lastKnownFileType = sourcecode.cpp.cpp; path = Player.cpp; sourceTree = "<group>"; };
		93D1C7D0212ADCCE004AACD1 /* Player.hpp */ = {isa = PBXFileReference; lastKnownFileType = sourcecode.cpp.h; path = Player.hpp; sourceTree = "<group>"; };
/* End PBXFileReference section */

/* Begin PBXFrameworksBuildPhase section */
		932D3209212AB6E500DA45BD /* Frameworks */ = {
			isa = PBXFrameworksBuildPhase;
			buildActionMask = 2147483647;
			files = (
				932D321E212AB81200DA45BD /* SDL2.framework in Frameworks */,
			);
			runOnlyForDeploymentPostprocessing = 0;
		};
/* End PBXFrameworksBuildPhase section */

/* Begin PBXGroup section */
		932D3203212AB6E500DA45BD = {
			isa = PBXGroup;
			children = (
				932D3216212AB70700DA45BD /* SDL2.framework */,
				932D320E212AB6E500DA45BD /* Informatik */,
				932D320D212AB6E500DA45BD /* Products */,
				932D321D212AB81200DA45BD /* Frameworks */,
			);
			sourceTree = "<group>";
		};
		932D320D212AB6E500DA45BD /* Products */ = {
			isa = PBXGroup;
			children = (
				932D320C212AB6E500DA45BD /* Informatik */,
			);
			name = Products;
			sourceTree = "<group>";
		};
		932D320E212AB6E500DA45BD /* Informatik */ = {
			isa = PBXGroup;
			children = (
				93D1C7CD212ADCBE004AACD1 /* entity */,
				932D3227212ABBAC00DA45BD /* util */,
				932D3220212ABAE200DA45BD /* level */,
				932D3219212AB78F00DA45BD /* graphics */,
				932D320F212AB6E500DA45BD /* main.cpp */,
				932D321F212AB8CA00DA45BD /* config.h */,
			);
			path = Informatik;
			sourceTree = "<group>";
		};
		932D3219212AB78F00DA45BD /* graphics */ = {
			isa = PBXGroup;
			children = (
				932D321A212AB79C00DA45BD /* Window.cpp */,
				932D321B212AB79C00DA45BD /* Window.hpp */,
			);
			path = graphics;
			sourceTree = "<group>";
		};
		932D321D212AB81200DA45BD /* Frameworks */ = {
			isa = PBXGroup;
			children = (
			);
			name = Frameworks;
			sourceTree = "<group>";
		};
		932D3220212ABAE200DA45BD /* level */ = {
			isa = PBXGroup;
			children = (
				932D3221212ABAF600DA45BD /* Level.cpp */,
				932D3222212ABAF600DA45BD /* Level.hpp */,
				932D3224212ABB4A00DA45BD /* Tile.cpp */,
				932D3225212ABB4A00DA45BD /* Tile.hpp */,
				93D1C7CA212AD12B004AACD1 /* Event.cpp */,
				93D1C7CB212AD12B004AACD1 /* Event.hpp */,
			);
			path = level;
			sourceTree = "<group>";
		};
		932D3227212ABBAC00DA45BD /* util */ = {
			isa = PBXGroup;
			children = (
				932D3229212ABBBC00DA45BD /* FileReader.hpp */,
				932D322E212ABC6700DA45BD /* Logger.hpp */,
			);
			path = util;
			sourceTree = "<group>";
		};
		93D1C7CD212ADCBE004AACD1 /* entity */ = {
			isa = PBXGroup;
			children = (
				93D1C7CF212ADCCE004AACD1 /* Player.cpp */,
				93D1C7D0212ADCCE004AACD1 /* Player.hpp */,
			);
			path = entity;
			sourceTree = "<group>";
		};
/* End PBXGroup section */

/* Begin PBXNativeTarget section */
		932D320B212AB6E500DA45BD /* Informatik */ = {
			isa = PBXNativeTarget;
			buildConfigurationList = 932D3213212AB6E500DA45BD /* Build configuration list for PBXNativeTarget "Informatik" */;
			buildPhases = (
				932D3208212AB6E500DA45BD /* Sources */,
				932D3209212AB6E500DA45BD /* Frameworks */,
				932D320A212AB6E500DA45BD /* CopyFiles */,
			);
			buildRules = (
			);
			dependencies = (
			);
			name = Informatik;
			productName = Informatik;
			productReference = 932D320C212AB6E500DA45BD /* Informatik */;
			productType = "com.apple.product-type.tool";
		};
/* End PBXNativeTarget section */

/* Begin PBXProject section */
		932D3204212AB6E500DA45BD /* Project object */ = {
			isa = PBXProject;
			attributes = {
				LastUpgradeCheck = 0940;
				ORGANIZATIONNAME = "Aaron Hodel";
				TargetAttributes = {
					932D320B212AB6E500DA45BD = {
						CreatedOnToolsVersion = 9.4.1;
					};
				};
			};
			buildConfigurationList = 932D3207212AB6E500DA45BD /* Build configuration list for PBXProject "Informatik" */;
			compatibilityVersion = "Xcode 9.3";
			developmentRegion = en;
			hasScannedForEncodings = 0;
			knownRegions = (
				en,
			);
			mainGroup = 932D3203212AB6E500DA45BD;
			productRefGroup = 932D320D212AB6E500DA45BD /* Products */;
			projectDirPath = "";
			projectRoot = "";
			targets = (
				932D320B212AB6E500DA45BD /* Informatik */,
			);
		};
/* End PBXProject section */

/* Begin PBXSourcesBuildPhase section */
		932D3208212AB6E500DA45BD /* Sources */ = {
			isa = PBXSourcesBuildPhase;
			buildActionMask = 2147483647;
			files = (
				932D3223212ABAF600DA45BD /* Level.cpp in Sources */,
				932D3210212AB6E500DA45BD /* main.cpp in Sources */,
				93D1C7D1212ADCCE004AACD1 /* Player.cpp in Sources */,
				93D1C7CC212AD12B004AACD1 /* Event.cpp in Sources */,
				932D321C212AB79C00DA45BD /* Window.cpp in Sources */,
				932D3226212ABB4A00DA45BD /* Tile.cpp in Sources */,
			);
			runOnlyForDeploymentPostprocessing = 0;
		};
/* End PBXSourcesBuildPhase section */

/* Begin XCBuildConfiguration section */
		932D3211212AB6E500DA45BD /* Debug */ = {
			isa = XCBuildConfiguration;
			buildSettings = {
				ALWAYS_SEARCH_USER_PATHS = NO;
				CLANG_ANALYZER_NONNULL = YES;
				CLANG_ANALYZER_NUMBER_OBJECT_CONVERSION = YES_AGGRESSIVE;
				CLANG_CXX_LANGUAGE_STANDARD = "gnu++14";
				CLANG_CXX_LIBRARY = "libc++";
				CLANG_ENABLE_MODULES = YES;
				CLANG_ENABLE_OBJC_ARC = YES;
				CLANG_ENABLE_OBJC_WEAK = YES;
				CLANG_WARN_BLOCK_CAPTURE_AUTORELEASING = YES;
				CLANG_WARN_BOOL_CONVERSION = YES;
				CLANG_WARN_COMMA = YES;
				CLANG_WARN_CONSTANT_CONVERSION = YES;
				CLANG_WARN_DEPRECATED_OBJC_IMPLEMENTATIONS = YES;
				CLANG_WARN_DIRECT_OBJC_ISA_USAGE = YES_ERROR;
				CLANG_WARN_DOCUMENTATION_COMMENTS = YES;
				CLANG_WARN_EMPTY_BODY = YES;
				CLANG_WARN_ENUM_CONVERSION = YES;
				CLANG_WARN_INFINITE_RECURSION = YES;
				CLANG_WARN_INT_CONVERSION = YES;
				CLANG_WARN_NON_LITERAL_NULL_CONVERSION = YES;
				CLANG_WARN_OBJC_IMPLICIT_RETAIN_SELF = YES;
				CLANG_WARN_OBJC_LITERAL_CONVERSION = YES;
				CLANG_WARN_OBJC_ROOT_CLASS = YES_ERROR;
				CLANG_WARN_RANGE_LOOP_ANALYSIS = YES;
				CLANG_WARN_STRICT_PROTOTYPES = YES;
				CLANG_WARN_SUSPICIOUS_MOVE = YES;
				CLANG_WARN_UNGUARDED_AVAILABILITY = YES_AGGRESSIVE;
				CLANG_WARN_UNREACHABLE_CODE = YES;
				CLANG_WARN__DUPLICATE_METHOD_MATCH = YES;
				CODE_SIGN_IDENTITY = "Mac Developer";
				COPY_PHASE_STRIP = NO;
				DEBUG_INFORMATION_FORMAT = dwarf;
				ENABLE_STRICT_OBJC_MSGSEND = YES;
				ENABLE_TESTABILITY = YES;
				GCC_C_LANGUAGE_STANDARD = gnu11;
				GCC_DYNAMIC_NO_PIC = NO;
				GCC_NO_COMMON_BLOCKS = YES;
				GCC_OPTIMIZATION_LEVEL = 0;
				GCC_PREPROCESSOR_DEFINITIONS = (
					"DEBUG=1",
					"$(inherited)",
				);
				GCC_WARN_64_TO_32_BIT_CONVERSION = YES;
				GCC_WARN_ABOUT_RETURN_TYPE = YES_ERROR;
				GCC_WARN_UNDECLARED_SELECTOR = YES;
				GCC_WARN_UNINITIALIZED_AUTOS = YES_AGGRESSIVE;
				GCC_WARN_UNUSED_FUNCTION = YES;
				GCC_WARN_UNUSED_VARIABLE = YES;
				MACOSX_DEPLOYMENT_TARGET = 10.13;
				MTL_ENABLE_DEBUG_INFO = YES;
				ONLY_ACTIVE_ARCH = YES;
				SDKROOT = macosx;
			};
			name = Debug;
		};
		932D3212212AB6E500DA45BD /* Release */ = {
			isa = XCBuildConfiguration;
			buildSettings = {
				ALWAYS_SEARCH_USER_PATHS = NO;
				CLANG_ANALYZER_NONNULL = YES;
				CLANG_ANALYZER_NUMBER_OBJECT_CONVERSION = YES_AGGRESSIVE;
				CLANG_CXX_LANGUAGE_STANDARD = "gnu++14";
				CLANG_CXX_LIBRARY = "libc++";
				CLANG_ENABLE_MODULES = YES;
				CLANG_ENABLE_OBJC_ARC = YES;
				CLANG_ENABLE_OBJC_WEAK = YES;
				CLANG_WARN_BLOCK_CAPTURE_AUTORELEASING = YES;
				CLANG_WARN_BOOL_CONVERSION = YES;
				CLANG_WARN_COMMA = YES;
				CLANG_WARN_CONSTANT_CONVERSION = YES;
				CLANG_WARN_DEPRECATED_OBJC_IMPLEMENTATIONS = YES;
				CLANG_WARN_DIRECT_OBJC_ISA_USAGE = YES_ERROR;
				CLANG_WARN_DOCUMENTATION_COMMENTS = YES;
				CLANG_WARN_EMPTY_BODY = YES;
				CLANG_WARN_ENUM_CONVERSION = YES;
				CLANG_WARN_INFINITE_RECURSION = YES;
				CLANG_WARN_INT_CONVERSION = YES;
				CLANG_WARN_NON_LITERAL_NULL_CONVERSION = YES;
				CLANG_WARN_OBJC_IMPLICIT_RETAIN_SELF = YES;
				CLANG_WARN_OBJC_LITERAL_CONVERSION = YES;
				CLANG_WARN_OBJC_ROOT_CLASS = YES_ERROR;
				CLANG_WARN_RANGE_LOOP_ANALYSIS = YES;
				CLANG_WARN_STRICT_PROTOTYPES = YES;
				CLANG_WARN_SUSPICIOUS_MOVE = YES;
				CLANG_WARN_UNGUARDED_AVAILABILITY = YES_AGGRESSIVE;
				CLANG_WARN_UNREACHABLE_CODE = YES;
				CLANG_WARN__DUPLICATE_METHOD_MATCH = YES;
				CODE_SIGN_IDENTITY = "Mac Developer";
				COPY_PHASE_STRIP = NO;
				DEBUG_INFORMATION_FORMAT = "dwarf-with-dsym";
				ENABLE_NS_ASSERTIONS = NO;
				ENABLE_STRICT_OBJC_MSGSEND = YES;
				GCC_C_LANGUAGE_STANDARD = gnu11;
				GCC_NO_COMMON_BLOCKS = YES;
				GCC_WARN_64_TO_32_BIT_CONVERSION = YES;
				GCC_WARN_ABOUT_RETURN_TYPE = YES_ERROR;
				GCC_WARN_UNDECLARED_SELECTOR = YES;
				GCC_WARN_UNINITIALIZED_AUTOS = YES_AGGRESSIVE;
				GCC_WARN_UNUSED_FUNCTION = YES;
				GCC_WARN_UNUSED_VARIABLE = YES;
				MACOSX_DEPLOYMENT_TARGET = 10.13;
				MTL_ENABLE_DEBUG_INFO = NO;
				SDKROOT = macosx;
			};
			name = Release;
		};
		932D3214212AB6E500DA45BD /* Debug */ = {
			isa = XCBuildConfiguration;
			buildSettings = {
				CODE_SIGN_STYLE = Automatic;
				DEVELOPMENT_TEAM = 9TPDPL7CQS;
				FRAMEWORK_SEARCH_PATHS = "$(PROJECT_DIR)/..";
				PRODUCT_NAME = "$(TARGET_NAME)";
			};
			name = Debug;
		};
		932D3215212AB6E500DA45BD /* Release */ = {
			isa = XCBuildConfiguration;
			buildSettings = {
				CODE_SIGN_STYLE = Automatic;
				DEVELOPMENT_TEAM = 9TPDPL7CQS;
				FRAMEWORK_SEARCH_PATHS = "$(PROJECT_DIR)/..";
				PRODUCT_NAME = "$(TARGET_NAME)";
			};
			name = Release;
		};
/* End XCBuildConfiguration section */

/* Begin XCConfigurationList section */
		932D3207212AB6E500DA45BD /* Build configuration list for PBXProject "Informatik" */ = {
			isa = XCConfigurationList;
			buildConfigurations = (
				932D3211212AB6E500DA45BD /* Debug */,
				932D3212212AB6E500DA45BD /* Release */,
			);
			defaultConfigurationIsVisible = 0;
			defaultConfigurationName = Release;
		};
		932D3213212AB6E500DA45BD /* Build configuration list for PBXNativeTarget "Informatik" */ = {
			isa = XCConfigurationList;
			buildConfigurations = (
				932D3214212AB6E500DA45BD /* Debug */,
				932D3215212AB6E500DA45BD /* Release */,
			);
			defaultConfigurationIsVisible = 0;
			defaultConfigurationName = Release;
		};
/* End XCConfigurationList section */
	};
	rootObject = 932D3204212AB6E500DA45BD /* Project object */;
}
